// !$*UTF8*$!
{
	archiveVersion = 1;
	classes = {
	};
	objectVersion = 55;
	objects = {

/* Begin PBXBuildFile section */
		E6A376B728C3A68D006BE4D7 /* AppDelegate.swift in Sources */ = {isa = PBXBuildFile; fileRef = E6A376B628C3A68D006BE4D7 /* AppDelegate.swift */; };
		E6A376B928C3A68D006BE4D7 /* SceneDelegate.swift in Sources */ = {isa = PBXBuildFile; fileRef = E6A376B828C3A68D006BE4D7 /* SceneDelegate.swift */; };
		E6A376BB28C3A68D006BE4D7 /* ViewController.swift in Sources */ = {isa = PBXBuildFile; fileRef = E6A376BA28C3A68D006BE4D7 /* ViewController.swift */; };
		E6A376BE28C3A68D006BE4D7 /* Main.storyboard in Resources */ = {isa = PBXBuildFile; fileRef = E6A376BC28C3A68D006BE4D7 /* Main.storyboard */; };
		E6A376C128C3A68D006BE4D7 /* CoreDataProject.xcdatamodeld in Sources */ = {isa = PBXBuildFile; fileRef = E6A376BF28C3A68D006BE4D7 /* CoreDataProject.xcdatamodeld */; };
		E6A376C328C3A68F006BE4D7 /* Assets.xcassets in Resources */ = {isa = PBXBuildFile; fileRef = E6A376C228C3A68F006BE4D7 /* Assets.xcassets */; };
		E6A376C628C3A68F006BE4D7 /* LaunchScreen.storyboard in Resources */ = {isa = PBXBuildFile; fileRef = E6A376C428C3A68F006BE4D7 /* LaunchScreen.storyboard */; };
		E6A376D428C3A81A006BE4D7 /* CDEmployee+CoreDataClass.swift in Sources */ = {isa = PBXBuildFile; fileRef = E6A376D228C3A81A006BE4D7 /* CDEmployee+CoreDataClass.swift */; };
		E6A376D528C3A81A006BE4D7 /* CDEmployee+CoreDataProperties.swift in Sources */ = {isa = PBXBuildFile; fileRef = E6A376D328C3A81A006BE4D7 /* CDEmployee+CoreDataProperties.swift */; };
		E6A376DA28C3AA10006BE4D7 /* PersistentStorage.swift in Sources */ = {isa = PBXBuildFile; fileRef = E6A376D928C3AA10006BE4D7 /* PersistentStorage.swift */; };
/* End PBXBuildFile section */

/* Begin PBXFileReference section */
		E6A376B328C3A68D006BE4D7 /* CoreDataProject.app */ = {isa = PBXFileReference; explicitFileType = wrapper.application; includeInIndex = 0; path = CoreDataProject.app; sourceTree = BUILT_PRODUCTS_DIR; };
		E6A376B628C3A68D006BE4D7 /* AppDelegate.swift */ = {isa = PBXFileReference; lastKnownFileType = sourcecode.swift; path = AppDelegate.swift; sourceTree = "<group>"; };
		E6A376B828C3A68D006BE4D7 /* SceneDelegate.swift */ = {isa = PBXFileReference; lastKnownFileType = sourcecode.swift; path = SceneDelegate.swift; sourceTree = "<group>"; };
		E6A376BA28C3A68D006BE4D7 /* ViewController.swift */ = {isa = PBXFileReference; lastKnownFileType = sourcecode.swift; path = ViewController.swift; sourceTree = "<group>"; };
		E6A376BD28C3A68D006BE4D7 /* Base */ = {isa = PBXFileReference; lastKnownFileType = file.storyboard; name = Base; path = Base.lproj/Main.storyboard; sourceTree = "<group>"; };
		E6A376C028C3A68D006BE4D7 /* CoreDataProject.xcdatamodel */ = {isa = PBXFileReference; lastKnownFileType = wrapper.xcdatamodel; path = CoreDataProject.xcdatamodel; sourceTree = "<group>"; };
		E6A376C228C3A68F006BE4D7 /* Assets.xcassets */ = {isa = PBXFileReference; lastKnownFileType = folder.assetcatalog; path = Assets.xcassets; sourceTree = "<group>"; };
		E6A376C528C3A68F006BE4D7 /* Base */ = {isa = PBXFileReference; lastKnownFileType = file.storyboard; name = Base; path = Base.lproj/LaunchScreen.storyboard; sourceTree = "<group>"; };
		E6A376C728C3A68F006BE4D7 /* Info.plist */ = {isa = PBXFileReference; lastKnownFileType = text.plist.xml; path = Info.plist; sourceTree = "<group>"; };
		E6A376D228C3A81A006BE4D7 /* CDEmployee+CoreDataClass.swift */ = {isa = PBXFileReference; fileEncoding = 4; lastKnownFileType = sourcecode.swift; path = "CDEmployee+CoreDataClass.swift"; sourceTree = "<group>"; };
		E6A376D328C3A81A006BE4D7 /* CDEmployee+CoreDataProperties.swift */ = {isa = PBXFileReference; fileEncoding = 4; lastKnownFileType = sourcecode.swift; path = "CDEmployee+CoreDataProperties.swift"; sourceTree = "<group>"; };
		E6A376D928C3AA10006BE4D7 /* PersistentStorage.swift */ = {isa = PBXFileReference; lastKnownFileType = sourcecode.swift; path = PersistentStorage.swift; sourceTree = "<group>"; };
/* End PBXFileReference section */

/* Begin PBXFrameworksBuildPhase section */
		E6A376B028C3A68D006BE4D7 /* Frameworks */ = {
			isa = PBXFrameworksBuildPhase;
			buildActionMask = 2147483647;
			files = (
			);
			runOnlyForDeploymentPostprocessing = 0;
		};
/* End PBXFrameworksBuildPhase section */

/* Begin PBXGroup section */
		E6A376AA28C3A68D006BE4D7 = {
			isa = PBXGroup;
			children = (
				E6A376B528C3A68D006BE4D7 /* CoreDataProject */,
				E6A376B428C3A68D006BE4D7 /* Products */,
			);
			sourceTree = "<group>";
		};
		E6A376B428C3A68D006BE4D7 /* Products */ = {
			isa = PBXGroup;
			children = (
				E6A376B328C3A68D006BE4D7 /* CoreDataProject.app */,
			);
			name = Products;
			sourceTree = "<group>";
		};
		E6A376B528C3A68D006BE4D7 /* CoreDataProject */ = {
			isa = PBXGroup;
			children = (
				E6A376DB28C3B7DF006BE4D7 /* Interface */,
				E6A376D828C3A9FD006BE4D7 /* Core Data Handlers */,
				E6A376D728C3A9EB006BE4D7 /* View Controller */,
				E6A376D628C3A9D4006BE4D7 /* App Delegate */,
				E6A376D128C3A81A006BE4D7 /* CDModels */,
				E6A376C228C3A68F006BE4D7 /* Assets.xcassets */,
				E6A376C728C3A68F006BE4D7 /* Info.plist */,
				E6A376BF28C3A68D006BE4D7 /* CoreDataProject.xcdatamodeld */,
			);
			path = CoreDataProject;
			sourceTree = "<group>";
		};
		E6A376D128C3A81A006BE4D7 /* CDModels */ = {
			isa = PBXGroup;
			children = (
				E6A376D228C3A81A006BE4D7 /* CDEmployee+CoreDataClass.swift */,
				E6A376D328C3A81A006BE4D7 /* CDEmployee+CoreDataProperties.swift */,
			);
			path = CDModels;
			sourceTree = "<group>";
		};
		E6A376D628C3A9D4006BE4D7 /* App Delegate */ = {
			isa = PBXGroup;
			children = (
				E6A376B628C3A68D006BE4D7 /* AppDelegate.swift */,
				E6A376B828C3A68D006BE4D7 /* SceneDelegate.swift */,
			);
			path = "App Delegate";
			sourceTree = "<group>";
		};
		E6A376D728C3A9EB006BE4D7 /* View Controller */ = {
			isa = PBXGroup;
			children = (
				E6A376BA28C3A68D006BE4D7 /* ViewController.swift */,
			);
			path = "View Controller";
			sourceTree = "<group>";
		};
		E6A376D828C3A9FD006BE4D7 /* Core Data Handlers */ = {
			isa = PBXGroup;
			children = (
				E6A376D928C3AA10006BE4D7 /* PersistentStorage.swift */,
			);
			path = "Core Data Handlers";
			sourceTree = "<group>";
		};
		E6A376DB28C3B7DF006BE4D7 /* Interface */ = {
			isa = PBXGroup;
			children = (
				E6A376BC28C3A68D006BE4D7 /* Main.storyboard */,
				E6A376C428C3A68F006BE4D7 /* LaunchScreen.storyboard */,
			);
			path = Interface;
			sourceTree = "<group>";
		};
/* End PBXGroup section */

/* Begin PBXNativeTarget section */
		E6A376B228C3A68D006BE4D7 /* CoreDataProject */ = {
			isa = PBXNativeTarget;
			buildConfigurationList = E6A376CA28C3A68F006BE4D7 /* Build configuration list for PBXNativeTarget "CoreDataProject" */;
			buildPhases = (
				E6A376AF28C3A68D006BE4D7 /* Sources */,
				E6A376B028C3A68D006BE4D7 /* Frameworks */,
				E6A376B128C3A68D006BE4D7 /* Resources */,
			);
			buildRules = (
			);
			dependencies = (
			);
			name = CoreDataProject;
			productName = CoreDataProject;
			productReference = E6A376B328C3A68D006BE4D7 /* CoreDataProject.app */;
			productType = "com.apple.product-type.application";
		};
/* End PBXNativeTarget section */

/* Begin PBXProject section */
		E6A376AB28C3A68D006BE4D7 /* Project object */ = {
			isa = PBXProject;
			attributes = {
				BuildIndependentTargetsInParallel = 1;
				LastSwiftUpdateCheck = 1340;
				LastUpgradeCheck = 1340;
				TargetAttributes = {
					E6A376B228C3A68D006BE4D7 = {
						CreatedOnToolsVersion = 13.4.1;
					};
				};
			};
			buildConfigurationList = E6A376AE28C3A68D006BE4D7 /* Build configuration list for PBXProject "CoreDataProject" */;
			compatibilityVersion = "Xcode 13.0";
			developmentRegion = en;
			hasScannedForEncodings = 0;
			knownRegions = (
				en,
				Base,
			);
			mainGroup = E6A376AA28C3A68D006BE4D7;
			productRefGroup = E6A376B428C3A68D006BE4D7 /* Products */;
			projectDirPath = "";
			projectRoot = "";
			targets = (
				E6A376B228C3A68D006BE4D7 /* CoreDataProject */,
			);
		};
/* End PBXProject section */

/* Begin PBXResourcesBuildPhase section */
		E6A376B128C3A68D006BE4D7 /* Resources */ = {
			isa = PBXResourcesBuildPhase;
			buildActionMask = 2147483647;
			files = (
				E6A376C628C3A68F006BE4D7 /* LaunchScreen.storyboard in Resources */,
				E6A376C328C3A68F006BE4D7 /* Assets.xcassets in Resources */,
				E6A376BE28C3A68D006BE4D7 /* Main.storyboard in Resources */,
			);
			runOnlyForDeploymentPostprocessing = 0;
		};
/* End PBXResourcesBuildPhase section */

/* Begin PBXSourcesBuildPhase section */
		E6A376AF28C3A68D006BE4D7 /* Sources */ = {
			isa = PBXSourcesBuildPhase;
			buildActionMask = 2147483647;
			files = (
				E6A376BB28C3A68D006BE4D7 /* ViewController.swift in Sources */,
				E6A376D428C3A81A006BE4D7 /* CDEmployee+CoreDataClass.swift in Sources */,
				E6A376B728C3A68D006BE4D7 /* AppDelegate.swift in Sources */,
				E6A376C128C3A68D006BE4D7 /* CoreDataProject.xcdatamodeld in Sources */,
				E6A376D528C3A81A006BE4D7 /* CDEmployee+CoreDataProperties.swift in Sources */,
				E6A376B928C3A68D006BE4D7 /* SceneDelegate.swift in Sources */,
				E6A376DA28C3AA10006BE4D7 /* PersistentStorage.swift in Sources */,
			);
			runOnlyForDeploymentPostprocessing = 0;
		};
/* End PBXSourcesBuildPhase section */

/* Begin PBXVariantGroup section */
		E6A376BC28C3A68D006BE4D7 /* Main.storyboard */ = {
			isa = PBXVariantGroup;
			children = (
				E6A376BD28C3A68D006BE4D7 /* Base */,
			);
			name = Main.storyboard;
			sourceTree = "<group>";
		};
		E6A376C428C3A68F006BE4D7 /* LaunchScreen.storyboard */ = {
			isa = PBXVariantGroup;
			children = (
				E6A376C528C3A68F006BE4D7 /* Base */,
			);
			name = LaunchScreen.storyboard;
			sourceTree = "<group>";
		};
/* End PBXVariantGroup section */

/* Begin XCBuildConfiguration section */
		E6A376C828C3A68F006BE4D7 /* Debug */ = {
			isa = XCBuildConfiguration;
			buildSettings = {
				ALWAYS_SEARCH_USER_PATHS = NO;
				CLANG_ANALYZER_NONNULL = YES;
				CLANG_ANALYZER_NUMBER_OBJECT_CONVERSION = YES_AGGRESSIVE;
				CLANG_CXX_LANGUAGE_STANDARD = "gnu++17";
				CLANG_ENABLE_MODULES = YES;
				CLANG_ENABLE_OBJC_ARC = YES;
				CLANG_ENABLE_OBJC_WEAK = YES;
				CLANG_WARN_BLOCK_CAPTURE_AUTORELEASING = YES;
				CLANG_WARN_BOOL_CONVERSION = YES;
				CLANG_WARN_COMMA = YES;
				CLANG_WARN_CONSTANT_CONVERSION = YES;
				CLANG_WARN_DEPRECATED_OBJC_IMPLEMENTATIONS = YES;
				CLANG_WARN_DIRECT_OBJC_ISA_USAGE = YES_ERROR;
				CLANG_WARN_DOCUMENTATION_COMMENTS = YES;
				CLANG_WARN_EMPTY_BODY = YES;
				CLANG_WARN_ENUM_CONVERSION = YES;
				CLANG_WARN_INFINITE_RECURSION = YES;
				CLANG_WARN_INT_CONVERSION = YES;
				CLANG_WARN_NON_LITERAL_NULL_CONVERSION = YES;
				CLANG_WARN_OBJC_IMPLICIT_RETAIN_SELF = YES;
				CLANG_WARN_OBJC_LITERAL_CONVERSION = YES;
				CLANG_WARN_OBJC_ROOT_CLASS = YES_ERROR;
				CLANG_WARN_QUOTED_INCLUDE_IN_FRAMEWORK_HEADER = YES;
				CLANG_WARN_RANGE_LOOP_ANALYSIS = YES;
				CLANG_WARN_STRICT_PROTOTYPES = YES;
				CLANG_WARN_SUSPICIOUS_MOVE = YES;
				CLANG_WARN_UNGUARDED_AVAILABILITY = YES_AGGRESSIVE;
				CLANG_WARN_UNREACHABLE_CODE = YES;
				CLANG_WARN__DUPLICATE_METHOD_MATCH = YES;
				COPY_PHASE_STRIP = NO;
				DEBUG_INFORMATION_FORMAT = dwarf;
				ENABLE_STRICT_OBJC_MSGSEND = YES;
				ENABLE_TESTABILITY = YES;
				GCC_C_LANGUAGE_STANDARD = gnu11;
				GCC_DYNAMIC_NO_PIC = NO;
				GCC_NO_COMMON_BLOCKS = YES;
				GCC_OPTIMIZATION_LEVEL = 0;
				GCC_PREPROCESSOR_DEFINITIONS = (
					"DEBUG=1",
					"$(inherited)",
				);
				GCC_WARN_64_TO_32_BIT_CONVERSION = YES;
				GCC_WARN_ABOUT_RETURN_TYPE = YES_ERROR;
				GCC_WARN_UNDECLARED_SELECTOR = YES;
				GCC_WARN_UNINITIALIZED_AUTOS = YES_AGGRESSIVE;
				GCC_WARN_UNUSED_FUNCTION = YES;
				GCC_WARN_UNUSED_VARIABLE = YES;
				IPHONEOS_DEPLOYMENT_TARGET = 15.5;
				MTL_ENABLE_DEBUG_INFO = INCLUDE_SOURCE;
				MTL_FAST_MATH = YES;
				ONLY_ACTIVE_ARCH = YES;
				SDKROOT = iphoneos;
				SWIFT_ACTIVE_COMPILATION_CONDITIONS = DEBUG;
				SWIFT_OPTIMIZATION_LEVEL = "-Onone";
			};
			name = Debug;
		};
		E6A376C928C3A68F006BE4D7 /* Release */ = {
			isa = XCBuildConfiguration;
			buildSettings = {
				ALWAYS_SEARCH_USER_PATHS = NO;
				CLANG_ANALYZER_NONNULL = YES;
				CLANG_ANALYZER_NUMBER_OBJECT_CONVERSION = YES_AGGRESSIVE;
				CLANG_CXX_LANGUAGE_STANDARD = "gnu++17";
				CLANG_ENABLE_MODULES = YES;
				CLANG_ENABLE_OBJC_ARC = YES;
				CLANG_ENABLE_OBJC_WEAK = YES;
				CLANG_WARN_BLOCK_CAPTURE_AUTORELEASING = YES;
				CLANG_WARN_BOOL_CONVERSION = YES;
				CLANG_WARN_COMMA = YES;
				CLANG_WARN_CONSTANT_CONVERSION = YES;
				CLANG_WARN_DEPRECATED_OBJC_IMPLEMENTATIONS = YES;
				CLANG_WARN_DIRECT_OBJC_ISA_USAGE = YES_ERROR;
				CLANG_WARN_DOCUMENTATION_COMMENTS = YES;
				CLANG_WARN_EMPTY_BODY = YES;
				CLANG_WARN_ENUM_CONVERSION = YES;
				CLANG_WARN_INFINITE_RECURSION = YES;
				CLANG_WARN_INT_CONVERSION = YES;
				CLANG_WARN_NON_LITERAL_NULL_CONVERSION = YES;
				CLANG_WARN_OBJC_IMPLICIT_RETAIN_SELF = YES;
				CLANG_WARN_OBJC_LITERAL_CONVERSION = YES;
				CLANG_WARN_OBJC_ROOT_CLASS = YES_ERROR;
				CLANG_WARN_QUOTED_INCLUDE_IN_FRAMEWORK_HEADER = YES;
				CLANG_WARN_RANGE_LOOP_ANALYSIS = YES;
				CLANG_WARN_STRICT_PROTOTYPES = YES;
				CLANG_WARN_SUSPICIOUS_MOVE = YES;
				CLANG_WARN_UNGUARDED_AVAILABILITY = YES_AGGRESSIVE;
				CLANG_WARN_UNREACHABLE_CODE = YES;
				CLANG_WARN__DUPLICATE_METHOD_MATCH = YES;
				COPY_PHASE_STRIP = NO;
				DEBUG_INFORMATION_FORMAT = "dwarf-with-dsym";
				ENABLE_NS_ASSERTIONS = NO;
				ENABLE_STRICT_OBJC_MSGSEND = YES;
				GCC_C_LANGUAGE_STANDARD = gnu11;
				GCC_NO_COMMON_BLOCKS = YES;
				GCC_WARN_64_TO_32_BIT_CONVERSION = YES;
				GCC_WARN_ABOUT_RETURN_TYPE = YES_ERROR;
				GCC_WARN_UNDECLARED_SELECTOR = YES;
				GCC_WARN_UNINITIALIZED_AUTOS = YES_AGGRESSIVE;
				GCC_WARN_UNUSED_FUNCTION = YES;
				GCC_WARN_UNUSED_VARIABLE = YES;
				IPHONEOS_DEPLOYMENT_TARGET = 15.5;
				MTL_ENABLE_DEBUG_INFO = NO;
				MTL_FAST_MATH = YES;
				SDKROOT = iphoneos;
				SWIFT_COMPILATION_MODE = wholemodule;
				SWIFT_OPTIMIZATION_LEVEL = "-O";
				VALIDATE_PRODUCT = YES;
			};
			name = Release;
		};
		E6A376CB28C3A68F006BE4D7 /* Debug */ = {
			isa = XCBuildConfiguration;
			buildSettings = {
				ASSETCATALOG_COMPILER_APPICON_NAME = AppIcon;
				ASSETCATALOG_COMPILER_GLOBAL_ACCENT_COLOR_NAME = AccentColor;
				CODE_SIGN_STYLE = Automatic;
				CURRENT_PROJECT_VERSION = 1;
				GENERATE_INFOPLIST_FILE = YES;
				INFOPLIST_FILE = CoreDataProject/Info.plist;
				INFOPLIST_KEY_UIApplicationSupportsIndirectInputEvents = YES;
				INFOPLIST_KEY_UILaunchStoryboardName = LaunchScreen;
				INFOPLIST_KEY_UIMainStoryboardFile = Main;
				INFOPLIST_KEY_UISupportedInterfaceOrientations_iPad = "UIInterfaceOrientationPortrait UIInterfaceOrientationPortraitUpsideDown UIInterfaceOrientationLandscapeLeft UIInterfaceOrientationLandscapeRight";
				INFOPLIST_KEY_UISupportedInterfaceOrientations_iPhone = "UIInterfaceOrientationPortrait UIInterfaceOrientationLandscapeLeft UIInterfaceOrientationLandscapeRight";
				LD_RUNPATH_SEARCH_PATHS = (
					"$(inherited)",
					"@executable_path/Frameworks",
				);
				MARKETING_VERSION = 1.0;
				PRODUCT_BUNDLE_IDENTIFIER = abc.CoreDataProject;
				PRODUCT_NAME = "$(TARGET_NAME)";
				SWIFT_EMIT_LOC_STRINGS = YES;
				SWIFT_VERSION = 5.0;
				TARGETED_DEVICE_FAMILY = "1,2";
			};
			name = Debug;
		};
		E6A376CC28C3A68F006BE4D7 /* Release */ = {
			isa = XCBuildConfiguration;
			buildSettings = {
				ASSETCATALOG_COMPILER_APPICON_NAME = AppIcon;
				ASSETCATALOG_COMPILER_GLOBAL_ACCENT_COLOR_NAME = AccentColor;
				CODE_SIGN_STYLE = Automatic;
				CURRENT_PROJECT_VERSION = 1;
				GENERATE_INFOPLIST_FILE = YES;
				INFOPLIST_FILE = CoreDataProject/Info.plist;
				INFOPLIST_KEY_UIApplicationSupportsIndirectInputEvents = YES;
				INFOPLIST_KEY_UILaunchStoryboardName = LaunchScreen;
				INFOPLIST_KEY_UIMainStoryboardFile = Main;
				INFOPLIST_KEY_UISupportedInterfaceOrientations_iPad = "UIInterfaceOrientationPortrait UIInterfaceOrientationPortraitUpsideDown UIInterfaceOrientationLandscapeLeft UIInterfaceOrientationLandscapeRight";
				INFOPLIST_KEY_UISupportedInterfaceOrientations_iPhone = "UIInterfaceOrientationPortrait UIInterfaceOrientationLandscapeLeft UIInterfaceOrientationLandscapeRight";
				LD_RUNPATH_SEARCH_PATHS = (
					"$(inherited)",
					"@executable_path/Frameworks",
				);
				MARKETING_VERSION = 1.0;
				PRODUCT_BUNDLE_IDENTIFIER = abc.CoreDataProject;
				PRODUCT_NAME = "$(TARGET_NAME)";
				SWIFT_EMIT_LOC_STRINGS = YES;
				SWIFT_VERSION = 5.0;
				TARGETED_DEVICE_FAMILY = "1,2";
			};
			name = Release;
		};
/* End XCBuildConfiguration section */

/* Begin XCConfigurationList section */
		E6A376AE28C3A68D006BE4D7 /* Build configuration list for PBXProject "CoreDataProject" */ = {
			isa = XCConfigurationList;
			buildConfigurations = (
				E6A376C828C3A68F006BE4D7 /* Debug */,
				E6A376C928C3A68F006BE4D7 /* Release */,
			);
			defaultConfigurationIsVisible = 0;
			defaultConfigurationName = Release;
		};
		E6A376CA28C3A68F006BE4D7 /* Build configuration list for PBXNativeTarget "CoreDataProject" */ = {
			isa = XCConfigurationList;
			buildConfigurations = (
				E6A376CB28C3A68F006BE4D7 /* Debug */,
				E6A376CC28C3A68F006BE4D7 /* Release */,
			);
			defaultConfigurationIsVisible = 0;
			defaultConfigurationName = Release;
		};
/* End XCConfigurationList section */

/* Begin XCVersionGroup section */
		E6A376BF28C3A68D006BE4D7 /* CoreDataProject.xcdatamodeld */ = {
			isa = XCVersionGroup;
			children = (
				E6A376C028C3A68D006BE4D7 /* CoreDataProject.xcdatamodel */,
			);
			currentVersion = E6A376C028C3A68D006BE4D7 /* CoreDataProject.xcdatamodel */;
			path = CoreDataProject.xcdatamodeld;
			sourceTree = "<group>";
			versionGroupType = wrapper.xcdatamodel;
		};
/* End XCVersionGroup section */
	};
	rootObject = E6A376AB28C3A68D006BE4D7 /* Project object */;
}
